
Microsoft Visual Studio Solution File, Format Version 12.00
# Visual Studio 2012
Project("{FAE04EC0-301F-11D3-BF4B-00C04F79EFBC}") = "UtilitiesConsole", "UtilitiesConsole\UtilitiesConsole.csproj", "{3DE498D4-14B1-42DF-8D99-2ECA55B02143}"
EndProject
Project("{FAE04EC0-301F-11D3-BF4B-00C04F79EFBC}") = "Utilities.Queues", "Utilities.Queues\Utilities.Queues.csproj", "{9DA22044-E05F-4792-AAF3-31BAC1D2C6E7}"
EndProject
Global
	GlobalSection(SolutionConfigurationPlatforms) = preSolution
		Debug|Any CPU = Debug|Any CPU
		Release|Any CPU = Release|Any CPU
	EndGlobalSection
	GlobalSection(ProjectConfigurationPlatforms) = postSolution
		{3DE498D4-14B1-42DF-8D99-2ECA55B02143}.Debug|Any CPU.ActiveCfg = Debug|Any CPU
		{3DE498D4-14B1-42DF-8D99-2ECA55B02143}.Debug|Any CPU.Build.0 = Debug|Any CPU
		{3DE498D4-14B1-42DF-8D99-2ECA55B02143}.Release|Any CPU.ActiveCfg = Release|Any CPU
		{3DE498D4-14B1-42DF-8D99-2ECA55B02143}.Release|Any CPU.Build.0 = Release|Any CPU
		{9DA22044-E05F-4792-AAF3-31BAC1D2C6E7}.Debug|Any CPU.ActiveCfg = Debug|Any CPU
		{9DA22044-E05F-4792-AAF3-31BAC1D2C6E7}.Debug|Any CPU.Build.0 = Debug|Any CPU
		{9DA22044-E05F-4792-AAF3-31BAC1D2C6E7}.Release|Any CPU.ActiveCfg = Release|Any CPU
		{9DA22044-E05F-4792-AAF3-31BAC1D2C6E7}.Release|Any CPU.Build.0 = Release|Any CPU
	EndGlobalSection
	GlobalSection(SolutionProperties) = preSolution
		HideSolutionNode = FALSE
	EndGlobalSection
EndGlobal
